// !$*UTF8*$!
{
	archiveVersion = 1;
	classes = {
	};
	objectVersion = 50;
	objects = {

/* Begin PBXBuildFile section */
		040FE356225319FD00860EC2 /* AppDelegate.m in Sources */ = {isa = PBXBuildFile; fileRef = 040FE355225319FD00860EC2 /* AppDelegate.m */; };
		040FE359225319FD00860EC2 /* ViewController.m in Sources */ = {isa = PBXBuildFile; fileRef = 040FE358225319FD00860EC2 /* ViewController.m */; };
		040FE35C225319FD00860EC2 /* Main.storyboard in Resources */ = {isa = PBXBuildFile; fileRef = 040FE35A225319FD00860EC2 /* Main.storyboard */; };
		040FE35E225319FD00860EC2 /* Assets.xcassets in Resources */ = {isa = PBXBuildFile; fileRef = 040FE35D225319FD00860EC2 /* Assets.xcassets */; };
		040FE361225319FD00860EC2 /* LaunchScreen.storyboard in Resources */ = {isa = PBXBuildFile; fileRef = 040FE35F225319FD00860EC2 /* LaunchScreen.storyboard */; };
		040FE364225319FD00860EC2 /* main.m in Sources */ = {isa = PBXBuildFile; fileRef = 040FE363225319FD00860EC2 /* main.m */; };
		040FE36E22531AA100860EC2 /* XJGroupChatPhoto.m in Sources */ = {isa = PBXBuildFile; fileRef = 040FE36D22531AA100860EC2 /* XJGroupChatPhoto.m */; };
		040FE3F222531C3200860EC2 /* UIImage+WebP.m in Sources */ = {isa = PBXBuildFile; fileRef = 040FE3D022531C3200860EC2 /* UIImage+WebP.m */; };
		040FE3F422531C3200860EC2 /* MKAnnotationView+WebCache.m in Sources */ = {isa = PBXBuildFile; fileRef = 040FE3D222531C3200860EC2 /* MKAnnotationView+WebCache.m */; };
		040FE3F522531C3200860EC2 /* SDWebImageManager.m in Sources */ = {isa = PBXBuildFile; fileRef = 040FE3D522531C3200860EC2 /* SDWebImageManager.m */; };
		040FE3F622531C3200860EC2 /* SDWebImageDecoder.m in Sources */ = {isa = PBXBuildFile; fileRef = 040FE3D622531C3200860EC2 /* SDWebImageDecoder.m */; };
		040FE3F722531C3200860EC2 /* UIImageView+HighlightedWebCache.m in Sources */ = {isa = PBXBuildFile; fileRef = 040FE3D822531C3200860EC2 /* UIImageView+HighlightedWebCache.m */; };
		040FE3F822531C3200860EC2 /* SDWebImageDownloader.m in Sources */ = {isa = PBXBuildFile; fileRef = 040FE3DA22531C3200860EC2 /* SDWebImageDownloader.m */; };
		040FE3F922531C3200860EC2 /* UIImage+GIF.m in Sources */ = {isa = PBXBuildFile; fileRef = 040FE3DB22531C3200860EC2 /* UIImage+GIF.m */; };
		040FE3FA22531C3200860EC2 /* UIImage+MultiFormat.m in Sources */ = {isa = PBXBuildFile; fileRef = 040FE3DD22531C3200860EC2 /* UIImage+MultiFormat.m */; };
		040FE3FB22531C3200860EC2 /* SDWebImageCompat.m in Sources */ = {isa = PBXBuildFile; fileRef = 040FE3DE22531C3200860EC2 /* SDWebImageCompat.m */; };
		040FE3FC22531C3200860EC2 /* SDWebImagePrefetcher.m in Sources */ = {isa = PBXBuildFile; fileRef = 040FE3DF22531C3200860EC2 /* SDWebImagePrefetcher.m */; };
		040FE3FD22531C3200860EC2 /* SDImageCache.m in Sources */ = {isa = PBXBuildFile; fileRef = 040FE3E322531C3200860EC2 /* SDImageCache.m */; };
		040FE3FE22531C3200860EC2 /* SDWebImageDownloaderOperation.m in Sources */ = {isa = PBXBuildFile; fileRef = 040FE3E522531C3200860EC2 /* SDWebImageDownloaderOperation.m */; };
		040FE3FF22531C3200860EC2 /* NSData+ImageContentType.m in Sources */ = {isa = PBXBuildFile; fileRef = 040FE3E822531C3200860EC2 /* NSData+ImageContentType.m */; };
		040FE40022531C3200860EC2 /* UIImageView+WebCache.m in Sources */ = {isa = PBXBuildFile; fileRef = 040FE3E922531C3200860EC2 /* UIImageView+WebCache.m */; };
		040FE40122531C3200860EC2 /* UIView+WebCacheOperation.m in Sources */ = {isa = PBXBuildFile; fileRef = 040FE3EC22531C3200860EC2 /* UIView+WebCacheOperation.m */; };
		040FE40222531C3200860EC2 /* UIButton+WebCache.m in Sources */ = {isa = PBXBuildFile; fileRef = 040FE3F022531C3200860EC2 /* UIButton+WebCache.m */; };
/* End PBXBuildFile section */

/* Begin PBXFileReference section */
		040FE351225319FD00860EC2 /* XJGroupChatPhoto_WeChat.app */ = {isa = PBXFileReference; explicitFileType = wrapper.application; includeInIndex = 0; path = XJGroupChatPhoto_WeChat.app; sourceTree = BUILT_PRODUCTS_DIR; };
		040FE354225319FD00860EC2 /* AppDelegate.h */ = {isa = PBXFileReference; lastKnownFileType = sourcecode.c.h; path = AppDelegate.h; sourceTree = "<group>"; };
		040FE355225319FD00860EC2 /* AppDelegate.m */ = {isa = PBXFileReference; lastKnownFileType = sourcecode.c.objc; path = AppDelegate.m; sourceTree = "<group>"; };
		040FE357225319FD00860EC2 /* ViewController.h */ = {isa = PBXFileReference; lastKnownFileType = sourcecode.c.h; path = ViewController.h; sourceTree = "<group>"; };
		040FE358225319FD00860EC2 /* ViewController.m */ = {isa = PBXFileReference; lastKnownFileType = sourcecode.c.objc; path = ViewController.m; sourceTree = "<group>"; };
		040FE35B225319FD00860EC2 /* Base */ = {isa = PBXFileReference; lastKnownFileType = file.storyboard; name = Base; path = Base.lproj/Main.storyboard; sourceTree = "<group>"; };
		040FE35D225319FD00860EC2 /* Assets.xcassets */ = {isa = PBXFileReference; lastKnownFileType = folder.assetcatalog; path = Assets.xcassets; sourceTree = "<group>"; };
		040FE360225319FD00860EC2 /* Base */ = {isa = PBXFileReference; lastKnownFileType = file.storyboard; name = Base; path = Base.lproj/LaunchScreen.storyboard; sourceTree = "<group>"; };
		040FE362225319FD00860EC2 /* Info.plist */ = {isa = PBXFileReference; lastKnownFileType = text.plist.xml; path = Info.plist; sourceTree = "<group>"; };
		040FE363225319FD00860EC2 /* main.m */ = {isa = PBXFileReference; lastKnownFileType = sourcecode.c.objc; path = main.m; sourceTree = "<group>"; };
		040FE36C22531AA100860EC2 /* XJGroupChatPhoto.h */ = {isa = PBXFileReference; lastKnownFileType = sourcecode.c.h; path = XJGroupChatPhoto.h; sourceTree = "<group>"; };
		040FE36D22531AA100860EC2 /* XJGroupChatPhoto.m */ = {isa = PBXFileReference; lastKnownFileType = sourcecode.c.objc; path = XJGroupChatPhoto.m; sourceTree = "<group>"; };
		040FE3D022531C3200860EC2 /* UIImage+WebP.m */ = {isa = PBXFileReference; fileEncoding = 4; lastKnownFileType = sourcecode.c.objc; path = "UIImage+WebP.m"; sourceTree = "<group>"; };
		040FE3D222531C3200860EC2 /* MKAnnotationView+WebCache.m */ = {isa = PBXFileReference; fileEncoding = 4; lastKnownFileType = sourcecode.c.objc; path = "MKAnnotationView+WebCache.m"; sourceTree = "<group>"; };
		040FE3D322531C3200860EC2 /* UIImageView+WebCache.h */ = {isa = PBXFileReference; fileEncoding = 4; lastKnownFileType = sourcecode.c.h; path = "UIImageView+WebCache.h"; sourceTree = "<group>"; };
		040FE3D422531C3200860EC2 /* NSData+ImageContentType.h */ = {isa = PBXFileReference; fileEncoding = 4; lastKnownFileType = sourcecode.c.h; path = "NSData+ImageContentType.h"; sourceTree = "<group>"; };
		040FE3D522531C3200860EC2 /* SDWebImageManager.m */ = {isa = PBXFileReference; fileEncoding = 4; lastKnownFileType = sourcecode.c.objc; path = SDWebImageManager.m; sourceTree = "<group>"; };
		040FE3D622531C3200860EC2 /* SDWebImageDecoder.m */ = {isa = PBXFileReference; fileEncoding = 4; lastKnownFileType = sourcecode.c.objc; path = SDWebImageDecoder.m; sourceTree = "<group>"; };
		040FE3D722531C3200860EC2 /* SDWebImageDownloaderOperation.h */ = {isa = PBXFileReference; fileEncoding = 4; lastKnownFileType = sourcecode.c.h; path = SDWebImageDownloaderOperation.h; sourceTree = "<group>"; };
		040FE3D822531C3200860EC2 /* UIImageView+HighlightedWebCache.m */ = {isa = PBXFileReference; fileEncoding = 4; lastKnownFileType = sourcecode.c.objc; path = "UIImageView+HighlightedWebCache.m"; sourceTree = "<group>"; };
		040FE3D922531C3200860EC2 /* SDImageCache.h */ = {isa = PBXFileReference; fileEncoding = 4; lastKnownFileType = sourcecode.c.h; path = SDImageCache.h; sourceTree = "<group>"; };
		040FE3DA22531C3200860EC2 /* SDWebImageDownloader.m */ = {isa = PBXFileReference; fileEncoding = 4; lastKnownFileType = sourcecode.c.objc; path = SDWebImageDownloader.m; sourceTree = "<group>"; };
		040FE3DB22531C3200860EC2 /* UIImage+GIF.m */ = {isa = PBXFileReference; fileEncoding = 4; lastKnownFileType = sourcecode.c.objc; path = "UIImage+GIF.m"; sourceTree = "<group>"; };
		040FE3DC22531C3200860EC2 /* UIButton+WebCache.h */ = {isa = PBXFileReference; fileEncoding = 4; lastKnownFileType = sourcecode.c.h; path = "UIButton+WebCache.h"; sourceTree = "<group>"; };
		040FE3DD22531C3200860EC2 /* UIImage+MultiFormat.m */ = {isa = PBXFileReference; fileEncoding = 4; lastKnownFileType = sourcecode.c.objc; path = "UIImage+MultiFormat.m"; sourceTree = "<group>"; };
		040FE3DE22531C3200860EC2 /* SDWebImageCompat.m */ = {isa = PBXFileReference; fileEncoding = 4; lastKnownFileType = sourcecode.c.objc; path = SDWebImageCompat.m; sourceTree = "<group>"; };
		040FE3DF22531C3200860EC2 /* SDWebImagePrefetcher.m */ = {isa = PBXFileReference; fileEncoding = 4; lastKnownFileType = sourcecode.c.objc; path = SDWebImagePrefetcher.m; sourceTree = "<group>"; };
		040FE3E022531C3200860EC2 /* UIView+WebCacheOperation.h */ = {isa = PBXFileReference; fileEncoding = 4; lastKnownFileType = sourcecode.c.h; path = "UIView+WebCacheOperation.h"; sourceTree = "<group>"; };
		040FE3E122531C3200860EC2 /* MKAnnotationView+WebCache.h */ = {isa = PBXFileReference; fileEncoding = 4; lastKnownFileType = sourcecode.c.h; path = "MKAnnotationView+WebCache.h"; sourceTree = "<group>"; };
		040FE3E222531C3200860EC2 /* UIImage+WebP.h */ = {isa = PBXFileReference; fileEncoding = 4; lastKnownFileType = sourcecode.c.h; path = "UIImage+WebP.h"; sourceTree = "<group>"; };
		040FE3E322531C3200860EC2 /* SDImageCache.m */ = {isa = PBXFileReference; fileEncoding = 4; lastKnownFileType = sourcecode.c.objc; path = SDImageCache.m; sourceTree = "<group>"; };
		040FE3E422531C3200860EC2 /* UIImageView+HighlightedWebCache.h */ = {isa = PBXFileReference; fileEncoding = 4; lastKnownFileType = sourcecode.c.h; path = "UIImageView+HighlightedWebCache.h"; sourceTree = "<group>"; };
		040FE3E522531C3200860EC2 /* SDWebImageDownloaderOperation.m */ = {isa = PBXFileReference; fileEncoding = 4; lastKnownFileType = sourcecode.c.objc; path = SDWebImageDownloaderOperation.m; sourceTree = "<group>"; };
		040FE3E622531C3200860EC2 /* SDWebImageDecoder.h */ = {isa = PBXFileReference; fileEncoding = 4; lastKnownFileType = sourcecode.c.h; path = SDWebImageDecoder.h; sourceTree = "<group>"; };
		040FE3E722531C3200860EC2 /* SDWebImageManager.h */ = {isa = PBXFileReference; fileEncoding = 4; lastKnownFileType = sourcecode.c.h; path = SDWebImageManager.h; sourceTree = "<group>"; };
		040FE3E822531C3200860EC2 /* NSData+ImageContentType.m */ = {isa = PBXFileReference; fileEncoding = 4; lastKnownFileType = sourcecode.c.objc; path = "NSData+ImageContentType.m"; sourceTree = "<group>"; };
		040FE3E922531C3200860EC2 /* UIImageView+WebCache.m */ = {isa = PBXFileReference; fileEncoding = 4; lastKnownFileType = sourcecode.c.objc; path = "UIImageView+WebCache.m"; sourceTree = "<group>"; };
		040FE3EA22531C3200860EC2 /* SDWebImageOperation.h */ = {isa = PBXFileReference; fileEncoding = 4; lastKnownFileType = sourcecode.c.h; path = SDWebImageOperation.h; sourceTree = "<group>"; };
		040FE3EB22531C3200860EC2 /* SDWebImageDownloader.h */ = {isa = PBXFileReference; fileEncoding = 4; lastKnownFileType = sourcecode.c.h; path = SDWebImageDownloader.h; sourceTree = "<group>"; };
		040FE3EC22531C3200860EC2 /* UIView+WebCacheOperation.m */ = {isa = PBXFileReference; fileEncoding = 4; lastKnownFileType = sourcecode.c.objc; path = "UIView+WebCacheOperation.m"; sourceTree = "<group>"; };
		040FE3ED22531C3200860EC2 /* SDWebImagePrefetcher.h */ = {isa = PBXFileReference; fileEncoding = 4; lastKnownFileType = sourcecode.c.h; path = SDWebImagePrefetcher.h; sourceTree = "<group>"; };
		040FE3EE22531C3200860EC2 /* SDWebImageCompat.h */ = {isa = PBXFileReference; fileEncoding = 4; lastKnownFileType = sourcecode.c.h; path = SDWebImageCompat.h; sourceTree = "<group>"; };
		040FE3EF22531C3200860EC2 /* UIImage+MultiFormat.h */ = {isa = PBXFileReference; fileEncoding = 4; lastKnownFileType = sourcecode.c.h; path = "UIImage+MultiFormat.h"; sourceTree = "<group>"; };
		040FE3F022531C3200860EC2 /* UIButton+WebCache.m */ = {isa = PBXFileReference; fileEncoding = 4; lastKnownFileType = sourcecode.c.objc; path = "UIButton+WebCache.m"; sourceTree = "<group>"; };
		040FE3F122531C3200860EC2 /* UIImage+GIF.h */ = {isa = PBXFileReference; fileEncoding = 4; lastKnownFileType = sourcecode.c.h; path = "UIImage+GIF.h"; sourceTree = "<group>"; };
/* End PBXFileReference section */

/* Begin PBXFrameworksBuildPhase section */
		040FE34E225319FD00860EC2 /* Frameworks */ = {
			isa = PBXFrameworksBuildPhase;
			buildActionMask = 2147483647;
			files = (
			);
			runOnlyForDeploymentPostprocessing = 0;
		};
/* End PBXFrameworksBuildPhase section */

/* Begin PBXGroup section */
		040FE348225319FD00860EC2 = {
			isa = PBXGroup;
			children = (
				040FE353225319FD00860EC2 /* XJGroupChatPhoto_WeChat */,
				040FE352225319FD00860EC2 /* Products */,
			);
			sourceTree = "<group>";
		};
		040FE352225319FD00860EC2 /* Products */ = {
			isa = PBXGroup;
			children = (
				040FE351225319FD00860EC2 /* XJGroupChatPhoto_WeChat.app */,
			);
			name = Products;
			sourceTree = "<group>";
		};
		040FE353225319FD00860EC2 /* XJGroupChatPhoto_WeChat */ = {
			isa = PBXGroup;
			children = (
				040FE36B22531A7100860EC2 /* XJGroupChatPhoto */,
				040FE36A22531A5B00860EC2 /* Vendors */,
				040FE354225319FD00860EC2 /* AppDelegate.h */,
				040FE355225319FD00860EC2 /* AppDelegate.m */,
				040FE357225319FD00860EC2 /* ViewController.h */,
				040FE358225319FD00860EC2 /* ViewController.m */,
				040FE35A225319FD00860EC2 /* Main.storyboard */,
				040FE35D225319FD00860EC2 /* Assets.xcassets */,
				040FE35F225319FD00860EC2 /* LaunchScreen.storyboard */,
				040FE362225319FD00860EC2 /* Info.plist */,
				040FE363225319FD00860EC2 /* main.m */,
			);
			path = XJGroupChatPhoto_WeChat;
			sourceTree = "<group>";
		};
		040FE36A22531A5B00860EC2 /* Vendors */ = {
			isa = PBXGroup;
			children = (
				040FE3CF22531C3200860EC2 /* SDWebImage */,
			);
			path = Vendors;
			sourceTree = "<group>";
		};
		040FE36B22531A7100860EC2 /* XJGroupChatPhoto */ = {
			isa = PBXGroup;
			children = (
				040FE36C22531AA100860EC2 /* XJGroupChatPhoto.h */,
				040FE36D22531AA100860EC2 /* XJGroupChatPhoto.m */,
			);
			path = XJGroupChatPhoto;
			sourceTree = "<group>";
		};
		040FE3CF22531C3200860EC2 /* SDWebImage */ = {
			isa = PBXGroup;
			children = (
				040FE3E122531C3200860EC2 /* MKAnnotationView+WebCache.h */,
				040FE3D222531C3200860EC2 /* MKAnnotationView+WebCache.m */,
				040FE3D422531C3200860EC2 /* NSData+ImageContentType.h */,
				040FE3E822531C3200860EC2 /* NSData+ImageContentType.m */,
				040FE3D922531C3200860EC2 /* SDImageCache.h */,
				040FE3E322531C3200860EC2 /* SDImageCache.m */,
				040FE3EE22531C3200860EC2 /* SDWebImageCompat.h */,
				040FE3DE22531C3200860EC2 /* SDWebImageCompat.m */,
				040FE3E622531C3200860EC2 /* SDWebImageDecoder.h */,
				040FE3D622531C3200860EC2 /* SDWebImageDecoder.m */,
				040FE3EB22531C3200860EC2 /* SDWebImageDownloader.h */,
				040FE3DA22531C3200860EC2 /* SDWebImageDownloader.m */,
				040FE3D722531C3200860EC2 /* SDWebImageDownloaderOperation.h */,
				040FE3E522531C3200860EC2 /* SDWebImageDownloaderOperation.m */,
				040FE3E722531C3200860EC2 /* SDWebImageManager.h */,
				040FE3D522531C3200860EC2 /* SDWebImageManager.m */,
				040FE3EA22531C3200860EC2 /* SDWebImageOperation.h */,
				040FE3ED22531C3200860EC2 /* SDWebImagePrefetcher.h */,
				040FE3DF22531C3200860EC2 /* SDWebImagePrefetcher.m */,
				040FE3DC22531C3200860EC2 /* UIButton+WebCache.h */,
				040FE3F022531C3200860EC2 /* UIButton+WebCache.m */,
				040FE3F122531C3200860EC2 /* UIImage+GIF.h */,
				040FE3DB22531C3200860EC2 /* UIImage+GIF.m */,
				040FE3EF22531C3200860EC2 /* UIImage+MultiFormat.h */,
				040FE3DD22531C3200860EC2 /* UIImage+MultiFormat.m */,
				040FE3E222531C3200860EC2 /* UIImage+WebP.h */,
				040FE3D022531C3200860EC2 /* UIImage+WebP.m */,
				040FE3E422531C3200860EC2 /* UIImageView+HighlightedWebCache.h */,
				040FE3D822531C3200860EC2 /* UIImageView+HighlightedWebCache.m */,
				040FE3D322531C3200860EC2 /* UIImageView+WebCache.h */,
				040FE3E922531C3200860EC2 /* UIImageView+WebCache.m */,
				040FE3E022531C3200860EC2 /* UIView+WebCacheOperation.h */,
				040FE3EC22531C3200860EC2 /* UIView+WebCacheOperation.m */,
			);
			path = SDWebImage;
			sourceTree = "<group>";
		};
/* End PBXGroup section */

/* Begin PBXNativeTarget section */
		040FE350225319FD00860EC2 /* XJGroupChatPhoto_WeChat */ = {
			isa = PBXNativeTarget;
			buildConfigurationList = 040FE367225319FD00860EC2 /* Build configuration list for PBXNativeTarget "XJGroupChatPhoto_WeChat" */;
			buildPhases = (
				040FE34D225319FD00860EC2 /* Sources */,
				040FE34E225319FD00860EC2 /* Frameworks */,
				040FE34F225319FD00860EC2 /* Resources */,
			);
			buildRules = (
			);
			dependencies = (
			);
			name = XJGroupChatPhoto_WeChat;
			productName = XJGroupChatPhoto_WeChat;
			productReference = 040FE351225319FD00860EC2 /* XJGroupChatPhoto_WeChat.app */;
			productType = "com.apple.product-type.application";
		};
/* End PBXNativeTarget section */

/* Begin PBXProject section */
		040FE349225319FD00860EC2 /* Project object */ = {
			isa = PBXProject;
			attributes = {
				LastUpgradeCheck = 1010;
				ORGANIZATIONNAME = mac;
				TargetAttributes = {
					040FE350225319FD00860EC2 = {
						CreatedOnToolsVersion = 10.1;
					};
				};
			};
			buildConfigurationList = 040FE34C225319FD00860EC2 /* Build configuration list for PBXProject "XJGroupChatPhoto_WeChat" */;
			compatibilityVersion = "Xcode 9.3";
			developmentRegion = en;
			hasScannedForEncodings = 0;
			knownRegions = (
				en,
				Base,
			);
			mainGroup = 040FE348225319FD00860EC2;
			productRefGroup = 040FE352225319FD00860EC2 /* Products */;
			projectDirPath = "";
			projectRoot = "";
			targets = (
				040FE350225319FD00860EC2 /* XJGroupChatPhoto_WeChat */,
			);
		};
/* End PBXProject section */

/* Begin PBXResourcesBuildPhase section */
		040FE34F225319FD00860EC2 /* Resources */ = {
			isa = PBXResourcesBuildPhase;
			buildActionMask = 2147483647;
			files = (
				040FE361225319FD00860EC2 /* LaunchScreen.storyboard in Resources */,
				040FE35E225319FD00860EC2 /* Assets.xcassets in Resources */,
				040FE35C225319FD00860EC2 /* Main.storyboard in Resources */,
			);
			runOnlyForDeploymentPostprocessing = 0;
		};
/* End PBXResourcesBuildPhase section */

/* Begin PBXSourcesBuildPhase section */
		040FE34D225319FD00860EC2 /* Sources */ = {
			isa = PBXSourcesBuildPhase;
			buildActionMask = 2147483647;
			files = (
				040FE3F922531C3200860EC2 /* UIImage+GIF.m in Sources */,
				040FE3FC22531C3200860EC2 /* SDWebImagePrefetcher.m in Sources */,
				040FE3FE22531C3200860EC2 /* SDWebImageDownloaderOperation.m in Sources */,
				040FE3F722531C3200860EC2 /* UIImageView+HighlightedWebCache.m in Sources */,
				040FE359225319FD00860EC2 /* ViewController.m in Sources */,
				040FE40122531C3200860EC2 /* UIView+WebCacheOperation.m in Sources */,
				040FE3FD22531C3200860EC2 /* SDImageCache.m in Sources */,
				040FE3F522531C3200860EC2 /* SDWebImageManager.m in Sources */,
				040FE3FB22531C3200860EC2 /* SDWebImageCompat.m in Sources */,
				040FE3FA22531C3200860EC2 /* UIImage+MultiFormat.m in Sources */,
				040FE3FF22531C3200860EC2 /* NSData+ImageContentType.m in Sources */,
				040FE364225319FD00860EC2 /* main.m in Sources */,
				040FE3F822531C3200860EC2 /* SDWebImageDownloader.m in Sources */,
				040FE3F222531C3200860EC2 /* UIImage+WebP.m in Sources */,
				040FE3F622531C3200860EC2 /* SDWebImageDecoder.m in Sources */,
				040FE40022531C3200860EC2 /* UIImageView+WebCache.m in Sources */,
				040FE36E22531AA100860EC2 /* XJGroupChatPhoto.m in Sources */,
				040FE40222531C3200860EC2 /* UIButton+WebCache.m in Sources */,
				040FE356225319FD00860EC2 /* AppDelegate.m in Sources */,
				040FE3F422531C3200860EC2 /* MKAnnotationView+WebCache.m in Sources */,
			);
			runOnlyForDeploymentPostprocessing = 0;
		};
/* End PBXSourcesBuildPhase section */

/* Begin PBXVariantGroup section */
		040FE35A225319FD00860EC2 /* Main.storyboard */ = {
			isa = PBXVariantGroup;
			children = (
				040FE35B225319FD00860EC2 /* Base */,
			);
			name = Main.storyboard;
			sourceTree = "<group>";
		};
		040FE35F225319FD00860EC2 /* LaunchScreen.storyboard */ = {
			isa = PBXVariantGroup;
			children = (
				040FE360225319FD00860EC2 /* Base */,
			);
			name = LaunchScreen.storyboard;
			sourceTree = "<group>";
		};
/* End PBXVariantGroup section */

/* Begin XCBuildConfiguration section */
		040FE365225319FD00860EC2 /* Debug */ = {
			isa = XCBuildConfiguration;
			buildSettings = {
				ALWAYS_SEARCH_USER_PATHS = NO;
				CLANG_ANALYZER_NONNULL = YES;
				CLANG_ANALYZER_NUMBER_OBJECT_CONVERSION = YES_AGGRESSIVE;
				CLANG_CXX_LANGUAGE_STANDARD = "gnu++14";
				CLANG_CXX_LIBRARY = "libc++";
				CLANG_ENABLE_MODULES = YES;
				CLANG_ENABLE_OBJC_ARC = YES;
				CLANG_ENABLE_OBJC_WEAK = YES;
				CLANG_WARN_BLOCK_CAPTURE_AUTORELEASING = YES;
				CLANG_WARN_BOOL_CONVERSION = YES;
				CLANG_WARN_COMMA = YES;
				CLANG_WARN_CONSTANT_CONVERSION = YES;
				CLANG_WARN_DEPRECATED_OBJC_IMPLEMENTATIONS = YES;
				CLANG_WARN_DIRECT_OBJC_ISA_USAGE = YES_ERROR;
				CLANG_WARN_DOCUMENTATION_COMMENTS = YES;
				CLANG_WARN_EMPTY_BODY = YES;
				CLANG_WARN_ENUM_CONVERSION = YES;
				CLANG_WARN_INFINITE_RECURSION = YES;
				CLANG_WARN_INT_CONVERSION = YES;
				CLANG_WARN_NON_LITERAL_NULL_CONVERSION = YES;
				CLANG_WARN_OBJC_IMPLICIT_RETAIN_SELF = YES;
				CLANG_WARN_OBJC_LITERAL_CONVERSION = YES;
				CLANG_WARN_OBJC_ROOT_CLASS = YES_ERROR;
				CLANG_WARN_RANGE_LOOP_ANALYSIS = YES;
				CLANG_WARN_STRICT_PROTOTYPES = YES;
				CLANG_WARN_SUSPICIOUS_MOVE = YES;
				CLANG_WARN_UNGUARDED_AVAILABILITY = YES_AGGRESSIVE;
				CLANG_WARN_UNREACHABLE_CODE = YES;
				CLANG_WARN__DUPLICATE_METHOD_MATCH = YES;
				CODE_SIGN_IDENTITY = "iPhone Developer";
				COPY_PHASE_STRIP = NO;
				DEBUG_INFORMATION_FORMAT = dwarf;
				ENABLE_STRICT_OBJC_MSGSEND = YES;
				ENABLE_TESTABILITY = YES;
				GCC_C_LANGUAGE_STANDARD = gnu11;
				GCC_DYNAMIC_NO_PIC = NO;
				GCC_NO_COMMON_BLOCKS = YES;
				GCC_OPTIMIZATION_LEVEL = 0;
				GCC_PREPROCESSOR_DEFINITIONS = (
					"DEBUG=1",
					"$(inherited)",
				);
				GCC_WARN_64_TO_32_BIT_CONVERSION = YES;
				GCC_WARN_ABOUT_RETURN_TYPE = YES_ERROR;
				GCC_WARN_UNDECLARED_SELECTOR = YES;
				GCC_WARN_UNINITIALIZED_AUTOS = YES_AGGRESSIVE;
				GCC_WARN_UNUSED_FUNCTION = YES;
				GCC_WARN_UNUSED_VARIABLE = YES;
				IPHONEOS_DEPLOYMENT_TARGET = 12.1;
				MTL_ENABLE_DEBUG_INFO = INCLUDE_SOURCE;
				MTL_FAST_MATH = YES;
				ONLY_ACTIVE_ARCH = YES;
				SDKROOT = iphoneos;
			};
			name = Debug;
		};
		040FE366225319FD00860EC2 /* Release */ = {
			isa = XCBuildConfiguration;
			buildSettings = {
				ALWAYS_SEARCH_USER_PATHS = NO;
				CLANG_ANALYZER_NONNULL = YES;
				CLANG_ANALYZER_NUMBER_OBJECT_CONVERSION = YES_AGGRESSIVE;
				CLANG_CXX_LANGUAGE_STANDARD = "gnu++14";
				CLANG_CXX_LIBRARY = "libc++";
				CLANG_ENABLE_MODULES = YES;
				CLANG_ENABLE_OBJC_ARC = YES;
				CLANG_ENABLE_OBJC_WEAK = YES;
				CLANG_WARN_BLOCK_CAPTURE_AUTORELEASING = YES;
				CLANG_WARN_BOOL_CONVERSION = YES;
				CLANG_WARN_COMMA = YES;
				CLANG_WARN_CONSTANT_CONVERSION = YES;
				CLANG_WARN_DEPRECATED_OBJC_IMPLEMENTATIONS = YES;
				CLANG_WARN_DIRECT_OBJC_ISA_USAGE = YES_ERROR;
				CLANG_WARN_DOCUMENTATION_COMMENTS = YES;
				CLANG_WARN_EMPTY_BODY = YES;
				CLANG_WARN_ENUM_CONVERSION = YES;
				CLANG_WARN_INFINITE_RECURSION = YES;
				CLANG_WARN_INT_CONVERSION = YES;
				CLANG_WARN_NON_LITERAL_NULL_CONVERSION = YES;
				CLANG_WARN_OBJC_IMPLICIT_RETAIN_SELF = YES;
				CLANG_WARN_OBJC_LITERAL_CONVERSION = YES;
				CLANG_WARN_OBJC_ROOT_CLASS = YES_ERROR;
				CLANG_WARN_RANGE_LOOP_ANALYSIS = YES;
				CLANG_WARN_STRICT_PROTOTYPES = YES;
				CLANG_WARN_SUSPICIOUS_MOVE = YES;
				CLANG_WARN_UNGUARDED_AVAILABILITY = YES_AGGRESSIVE;
				CLANG_WARN_UNREACHABLE_CODE = YES;
				CLANG_WARN__DUPLICATE_METHOD_MATCH = YES;
				CODE_SIGN_IDENTITY = "iPhone Developer";
				COPY_PHASE_STRIP = NO;
				DEBUG_INFORMATION_FORMAT = "dwarf-with-dsym";
				ENABLE_NS_ASSERTIONS = NO;
				ENABLE_STRICT_OBJC_MSGSEND = YES;
				GCC_C_LANGUAGE_STANDARD = gnu11;
				GCC_NO_COMMON_BLOCKS = YES;
				GCC_WARN_64_TO_32_BIT_CONVERSION = YES;
				GCC_WARN_ABOUT_RETURN_TYPE = YES_ERROR;
				GCC_WARN_UNDECLARED_SELECTOR = YES;
				GCC_WARN_UNINITIALIZED_AUTOS = YES_AGGRESSIVE;
				GCC_WARN_UNUSED_FUNCTION = YES;
				GCC_WARN_UNUSED_VARIABLE = YES;
				IPHONEOS_DEPLOYMENT_TARGET = 12.1;
				MTL_ENABLE_DEBUG_INFO = NO;
				MTL_FAST_MATH = YES;
				SDKROOT = iphoneos;
				VALIDATE_PRODUCT = YES;
			};
			name = Release;
		};
		040FE368225319FD00860EC2 /* Debug */ = {
			isa = XCBuildConfiguration;
			buildSettings = {
				ASSETCATALOG_COMPILER_APPICON_NAME = AppIcon;
				CODE_SIGN_STYLE = Automatic;
				FRAMEWORK_SEARCH_PATHS = (
					"$(inherited)",
					"$(PROJECT_DIR)/XJGroupChatPhoto_WeChat/Vendors/SDWebImage",
				);
				INFOPLIST_FILE = XJGroupChatPhoto_WeChat/Info.plist;
				IPHONEOS_DEPLOYMENT_TARGET = 9.0;
				LD_RUNPATH_SEARCH_PATHS = (
					"$(inherited)",
					"@executable_path/Frameworks",
				);
				PRODUCT_BUNDLE_IDENTIFIER = "com.waterElephant.XJGroupChatPhoto-WeChat";
				PRODUCT_NAME = "$(TARGET_NAME)";
				TARGETED_DEVICE_FAMILY = "1,2";
			};
			name = Debug;
		};
		040FE369225319FD00860EC2 /* Release */ = {
			isa = XCBuildConfiguration;
			buildSettings = {
				ASSETCATALOG_COMPILER_APPICON_NAME = AppIcon;
				CODE_SIGN_STYLE = Automatic;
				FRAMEWORK_SEARCH_PATHS = (
					"$(inherited)",
					"$(PROJECT_DIR)/XJGroupChatPhoto_WeChat/Vendors/SDWebImage",
				);
				INFOPLIST_FILE = XJGroupChatPhoto_WeChat/Info.plist;
				IPHONEOS_DEPLOYMENT_TARGET = 9.0;
				LD_RUNPATH_SEARCH_PATHS = (
					"$(inherited)",
					"@executable_path/Frameworks",
				);
				PRODUCT_BUNDLE_IDENTIFIER = "com.waterElephant.XJGroupChatPhoto-WeChat";
				PRODUCT_NAME = "$(TARGET_NAME)";
				TARGETED_DEVICE_FAMILY = "1,2";
			};
			name = Release;
		};
/* End XCBuildConfiguration section */

/* Begin XCConfigurationList section */
		040FE34C225319FD00860EC2 /* Build configuration list for PBXProject "XJGroupChatPhoto_WeChat" */ = {
			isa = XCConfigurationList;
			buildConfigurations = (
				040FE365225319FD00860EC2 /* Debug */,
				040FE366225319FD00860EC2 /* Release */,
			);
			defaultConfigurationIsVisible = 0;
			defaultConfigurationName = Release;
		};
		040FE367225319FD00860EC2 /* Build configuration list for PBXNativeTarget "XJGroupChatPhoto_WeChat" */ = {
			isa = XCConfigurationList;
			buildConfigurations = (
				040FE368225319FD00860EC2 /* Debug */,
				040FE369225319FD00860EC2 /* Release */,
			);
			defaultConfigurationIsVisible = 0;
			defaultConfigurationName = Release;
		};
/* End XCConfigurationList section */
	};
	rootObject = 040FE349225319FD00860EC2 /* Project object */;
}
